
Microsoft Visual Studio Solution File, Format Version 12.00
# Visual Studio Version 16
VisualStudioVersion = 16.0.29403.142
MinimumVisualStudioVersion = 10.0.40219.1
Project("{FAE04EC0-301F-11D3-BF4B-00C04F79EFBC}") = "MTAdaptor", "MTAdaptor\MTAdaptor.csproj", "{728B38D2-53D3-480E-870B-870F7514EAF3}"
EndProject
Global
	GlobalSection(SolutionConfigurationPlatforms) = preSolution
		Debug|Any CPU = Debug|Any CPU
		Release|Any CPU = Release|Any CPU
	EndGlobalSection
	GlobalSection(ProjectConfigurationPlatforms) = postSolution
		{728B38D2-53D3-480E-870B-870F7514EAF3}.Debug|Any CPU.ActiveCfg = Debug|Any CPU
		{728B38D2-53D3-480E-870B-870F7514EAF3}.Debug|Any CPU.Build.0 = Debug|Any CPU
		{728B38D2-53D3-480E-870B-870F7514EAF3}.Release|Any CPU.ActiveCfg = Release|Any CPU
		{728B38D2-53D3-480E-870B-870F7514EAF3}.Release|Any CPU.Build.0 = Release|Any CPU
	EndGlobalSection
	GlobalSection(SolutionProperties) = preSolution
		HideSolutionNode = FALSE
	EndGlobalSection
	GlobalSection(ExtensibilityGlobals) = postSolution
		SolutionGuid = {4230645E-4118-4B5D-A87F-42F214953951}
	EndGlobalSection
EndGlobal
